
Microsoft Visual Studio Solution File, Format Version 12.00
# Visual Studio Version 16
VisualStudioVersion = 16.0.31205.134
MinimumVisualStudioVersion = 10.0.40219.1
Project("{FAE04EC0-301F-11D3-BF4B-00C04F79EFBC}") = "Generics", "Generics.csproj", "{E78FEDD5-7282-4A48-9B84-537CBA73CB3E}"
EndProject
Project("{FAE04EC0-301F-11D3-BF4B-00C04F79EFBC}") = "UnitTestGeneric", "..\UnitTestGeneric\UnitTestGeneric.csproj", "{54955A1C-4BA9-4BAB-A4FC-7923AFD218D4}"
EndProject
Project("{FAE04EC0-301F-11D3-BF4B-00C04F79EFBC}") = "UnitTestGenerics2", "..\UnitTestGenerics2\UnitTestGenerics2.csproj", "{3C31C5BD-1B7F-4910-B83E-4C6BB99FC8CA}"
EndProject
Global
	GlobalSection(SolutionConfigurationPlatforms) = preSolution
		Debug|Any CPU = Debug|Any CPU
		Release|Any CPU = Release|Any CPU
	EndGlobalSection
	GlobalSection(ProjectConfigurationPlatforms) = postSolution
		{E78FEDD5-7282-4A48-9B84-537CBA73CB3E}.Debug|Any CPU.ActiveCfg = Debug|Any CPU
		{E78FEDD5-7282-4A48-9B84-537CBA73CB3E}.Debug|Any CPU.Build.0 = Debug|Any CPU
		{E78FEDD5-7282-4A48-9B84-537CBA73CB3E}.Release|Any CPU.ActiveCfg = Release|Any CPU
		{E78FEDD5-7282-4A48-9B84-537CBA73CB3E}.Release|Any CPU.Build.0 = Release|Any CPU
		{54955A1C-4BA9-4BAB-A4FC-7923AFD218D4}.Debug|Any CPU.ActiveCfg = Debug|Any CPU
		{54955A1C-4BA9-4BAB-A4FC-7923AFD218D4}.Debug|Any CPU.Build.0 = Debug|Any CPU
		{54955A1C-4BA9-4BAB-A4FC-7923AFD218D4}.Release|Any CPU.ActiveCfg = Release|Any CPU
		{54955A1C-4BA9-4BAB-A4FC-7923AFD218D4}.Release|Any CPU.Build.0 = Release|Any CPU
		{3C31C5BD-1B7F-4910-B83E-4C6BB99FC8CA}.Debug|Any CPU.ActiveCfg = Debug|Any CPU
		{3C31C5BD-1B7F-4910-B83E-4C6BB99FC8CA}.Debug|Any CPU.Build.0 = Debug|Any CPU
		{3C31C5BD-1B7F-4910-B83E-4C6BB99FC8CA}.Release|Any CPU.ActiveCfg = Release|Any CPU
		{3C31C5BD-1B7F-4910-B83E-4C6BB99FC8CA}.Release|Any CPU.Build.0 = Release|Any CPU
	EndGlobalSection
	GlobalSection(SolutionProperties) = preSolution
		HideSolutionNode = FALSE
	EndGlobalSection
	GlobalSection(ExtensibilityGlobals) = postSolution
		SolutionGuid = {51A26107-0E26-48DE-86E5-39DE3C1E5C81}
	EndGlobalSection
EndGlobal
